
Microsoft Visual Studio Solution File, Format Version 12.00
# Visual Studio Version 17
VisualStudioVersion = 17.10.35122.118
MinimumVisualStudioVersion = 10.0.40219.1
Project("{FAE04EC0-301F-11D3-BF4B-00C04F79EFBC}") = "Pratik-Abstraction", "Pratik-Abstraction\Pratik-Abstraction.csproj", "{3045C2CB-59F2-408C-9582-A7C478908F80}"
EndProject
Global
	GlobalSection(SolutionConfigurationPlatforms) = preSolution
		Debug|Any CPU = Debug|Any CPU
		Release|Any CPU = Release|Any CPU
	EndGlobalSection
	GlobalSection(ProjectConfigurationPlatforms) = postSolution
		{3045C2CB-59F2-408C-9582-A7C478908F80}.Debug|Any CPU.ActiveCfg = Debug|Any CPU
		{3045C2CB-59F2-408C-9582-A7C478908F80}.Debug|Any CPU.Build.0 = Debug|Any CPU
		{3045C2CB-59F2-408C-9582-A7C478908F80}.Release|Any CPU.ActiveCfg = Release|Any CPU
		{3045C2CB-59F2-408C-9582-A7C478908F80}.Release|Any CPU.Build.0 = Release|Any CPU
	EndGlobalSection
	GlobalSection(SolutionProperties) = preSolution
		HideSolutionNode = FALSE
	EndGlobalSection
	GlobalSection(ExtensibilityGlobals) = postSolution
		SolutionGuid = {688BC4CA-F47F-4CDB-8A6E-85C257DEC6D7}
	EndGlobalSection
EndGlobal
